PODS:
  - AudioKit (4.3):
    - AudioKit/UI (= 4.3)
  - AudioKit/UI (4.3)

DEPENDENCIES:
  - AudioKit (~> 4.0)

SPEC REPOS:
  https://github.com/cocoapods/specs.git:
    - AudioKit

SPEC CHECKSUMS:
  AudioKit: 95bd2427c1afa7954d71b0c6195a09b87b7448bc

PODFILE CHECKSUM: 9c448b38b1c9894bca98758d03b82b7111e20abe

COCOAPODS: 1.5.3
